// !$*UTF8*$!
{
	archiveVersion = 1;
	classes = {
	};
	objectVersion = 46;
	objects = {

/* Begin PBXBuildFile section */
		35B603AF1E26BC73002F8D6E /* AppStoradge.swift in Sources */ = {isa = PBXBuildFile; fileRef = 35B603AE1E26BC73002F8D6E /* AppStoradge.swift */; };
		35B603B51E26BC88002F8D6E /* IMVIewController.swift in Sources */ = {isa = PBXBuildFile; fileRef = 35B603B01E26BC88002F8D6E /* IMVIewController.swift */; };
		35B603B61E26BC88002F8D6E /* MessVIewController.swift in Sources */ = {isa = PBXBuildFile; fileRef = 35B603B11E26BC88002F8D6E /* MessVIewController.swift */; };
		35B603B71E26BC88002F8D6E /* Structs.swift in Sources */ = {isa = PBXBuildFile; fileRef = 35B603B21E26BC88002F8D6E /* Structs.swift */; };
		35B603B81E26BC88002F8D6E /* VK.swift in Sources */ = {isa = PBXBuildFile; fileRef = 35B603B31E26BC88002F8D6E /* VK.swift */; };
		35B603B91E26BC88002F8D6E /* VKSettings.swift in Sources */ = {isa = PBXBuildFile; fileRef = 35B603B41E26BC88002F8D6E /* VKSettings.swift */; };
		35D833DB1E26AE4C00F4AF52 /* AppDelegate.swift in Sources */ = {isa = PBXBuildFile; fileRef = 35D833DA1E26AE4C00F4AF52 /* AppDelegate.swift */; };
		35D833DD1E26AE4C00F4AF52 /* ViewController.swift in Sources */ = {isa = PBXBuildFile; fileRef = 35D833DC1E26AE4C00F4AF52 /* ViewController.swift */; };
		35D833DF1E26AE4C00F4AF52 /* Assets.xcassets in Resources */ = {isa = PBXBuildFile; fileRef = 35D833DE1E26AE4C00F4AF52 /* Assets.xcassets */; };
		35D833E21E26AE4C00F4AF52 /* Main.storyboard in Resources */ = {isa = PBXBuildFile; fileRef = 35D833E01E26AE4C00F4AF52 /* Main.storyboard */; };
		B68E9D0F0DE48562D67FC08F /* Pods_SecureVK.framework in Frameworks */ = {isa = PBXBuildFile; fileRef = AFE749A46947FD31E479CAF5 /* Pods_SecureVK.framework */; };
/* End PBXBuildFile section */

/* Begin PBXFileReference section */
		19A4A2498C72B9EEEC44326C /* Pods-SecureVK.debug.xcconfig */ = {isa = PBXFileReference; includeInIndex = 1; lastKnownFileType = text.xcconfig; name = "Pods-SecureVK.debug.xcconfig"; path = "Pods/Target Support Files/Pods-SecureVK/Pods-SecureVK.debug.xcconfig"; sourceTree = "<group>"; };
		35B603AE1E26BC73002F8D6E /* AppStoradge.swift */ = {isa = PBXFileReference; fileEncoding = 4; lastKnownFileType = sourcecode.swift; path = AppStoradge.swift; sourceTree = "<group>"; };
		35B603B01E26BC88002F8D6E /* IMVIewController.swift */ = {isa = PBXFileReference; fileEncoding = 4; lastKnownFileType = sourcecode.swift; path = IMVIewController.swift; sourceTree = "<group>"; };
		35B603B11E26BC88002F8D6E /* MessVIewController.swift */ = {isa = PBXFileReference; fileEncoding = 4; lastKnownFileType = sourcecode.swift; path = MessVIewController.swift; sourceTree = "<group>"; };
		35B603B21E26BC88002F8D6E /* Structs.swift */ = {isa = PBXFileReference; fileEncoding = 4; lastKnownFileType = sourcecode.swift; path = Structs.swift; sourceTree = "<group>"; };
		35B603B31E26BC88002F8D6E /* VK.swift */ = {isa = PBXFileReference; fileEncoding = 4; lastKnownFileType = sourcecode.swift; path = VK.swift; sourceTree = "<group>"; };
		35B603B41E26BC88002F8D6E /* VKSettings.swift */ = {isa = PBXFileReference; fileEncoding = 4; lastKnownFileType = sourcecode.swift; path = VKSettings.swift; sourceTree = "<group>"; };
		35D833D71E26AE4C00F4AF52 /* SecureVK.app */ = {isa = PBXFileReference; explicitFileType = wrapper.application; includeInIndex = 0; path = SecureVK.app; sourceTree = BUILT_PRODUCTS_DIR; };
		35D833DA1E26AE4C00F4AF52 /* AppDelegate.swift */ = {isa = PBXFileReference; lastKnownFileType = sourcecode.swift; path = AppDelegate.swift; sourceTree = "<group>"; };
		35D833DC1E26AE4C00F4AF52 /* ViewController.swift */ = {isa = PBXFileReference; lastKnownFileType = sourcecode.swift; path = ViewController.swift; sourceTree = "<group>"; };
		35D833DE1E26AE4C00F4AF52 /* Assets.xcassets */ = {isa = PBXFileReference; lastKnownFileType = folder.assetcatalog; path = Assets.xcassets; sourceTree = "<group>"; };
		35D833E11E26AE4C00F4AF52 /* Base */ = {isa = PBXFileReference; lastKnownFileType = file.storyboard; name = Base; path = Base.lproj/Main.storyboard; sourceTree = "<group>"; };
		35D833E31E26AE4C00F4AF52 /* Info.plist */ = {isa = PBXFileReference; lastKnownFileType = text.plist.xml; path = Info.plist; sourceTree = "<group>"; };
		8117A6C3DCB037E818E1365D /* Pods-SecureVK.release.xcconfig */ = {isa = PBXFileReference; includeInIndex = 1; lastKnownFileType = text.xcconfig; name = "Pods-SecureVK.release.xcconfig"; path = "Pods/Target Support Files/Pods-SecureVK/Pods-SecureVK.release.xcconfig"; sourceTree = "<group>"; };
		AFE749A46947FD31E479CAF5 /* Pods_SecureVK.framework */ = {isa = PBXFileReference; explicitFileType = wrapper.framework; includeInIndex = 0; path = Pods_SecureVK.framework; sourceTree = BUILT_PRODUCTS_DIR; };
/* End PBXFileReference section */

/* Begin PBXFrameworksBuildPhase section */
		35D833D41E26AE4B00F4AF52 /* Frameworks */ = {
			isa = PBXFrameworksBuildPhase;
			buildActionMask = 2147483647;
			files = (
				B68E9D0F0DE48562D67FC08F /* Pods_SecureVK.framework in Frameworks */,
			);
			runOnlyForDeploymentPostprocessing = 0;
		};
/* End PBXFrameworksBuildPhase section */

/* Begin PBXGroup section */
		35B603BA1E26BC93002F8D6E /* VK */ = {
			isa = PBXGroup;
			children = (
				35B603B21E26BC88002F8D6E /* Structs.swift */,
				35B603B31E26BC88002F8D6E /* VK.swift */,
				35B603B41E26BC88002F8D6E /* VKSettings.swift */,
				35B603AE1E26BC73002F8D6E /* AppStoradge.swift */,
			);
			name = VK;
			sourceTree = "<group>";
		};
		35B603BB1E26BC9F002F8D6E /* VIewControl */ = {
			isa = PBXGroup;
			children = (
				35B603B01E26BC88002F8D6E /* IMVIewController.swift */,
				35B603B11E26BC88002F8D6E /* MessVIewController.swift */,
				35D833DA1E26AE4C00F4AF52 /* AppDelegate.swift */,
				35D833DC1E26AE4C00F4AF52 /* ViewController.swift */,
			);
			name = VIewControl;
			sourceTree = "<group>";
		};
		35D833CE1E26AE4B00F4AF52 = {
			isa = PBXGroup;
			children = (
				35D833D91E26AE4C00F4AF52 /* SecureVK */,
				35D833D81E26AE4C00F4AF52 /* Products */,
				63C6D9B24A700BEF1FABB9B2 /* Pods */,
				50A7AFAB00B8231CCFDAEE49 /* Frameworks */,
			);
			sourceTree = "<group>";
		};
		35D833D81E26AE4C00F4AF52 /* Products */ = {
			isa = PBXGroup;
			children = (
				35D833D71E26AE4C00F4AF52 /* SecureVK.app */,
			);
			name = Products;
			sourceTree = "<group>";
		};
		35D833D91E26AE4C00F4AF52 /* SecureVK */ = {
			isa = PBXGroup;
			children = (
				35B603BB1E26BC9F002F8D6E /* VIewControl */,
				35B603BA1E26BC93002F8D6E /* VK */,
				35D833DE1E26AE4C00F4AF52 /* Assets.xcassets */,
				35D833E01E26AE4C00F4AF52 /* Main.storyboard */,
				35D833E31E26AE4C00F4AF52 /* Info.plist */,
			);
			path = SecureVK;
			sourceTree = "<group>";
		};
		50A7AFAB00B8231CCFDAEE49 /* Frameworks */ = {
			isa = PBXGroup;
			children = (
				AFE749A46947FD31E479CAF5 /* Pods_SecureVK.framework */,
			);
			name = Frameworks;
			sourceTree = "<group>";
		};
		63C6D9B24A700BEF1FABB9B2 /* Pods */ = {
			isa = PBXGroup;
			children = (
				19A4A2498C72B9EEEC44326C /* Pods-SecureVK.debug.xcconfig */,
				8117A6C3DCB037E818E1365D /* Pods-SecureVK.release.xcconfig */,
			);
			name = Pods;
			sourceTree = "<group>";
		};
/* End PBXGroup section */

/* Begin PBXNativeTarget section */
		35D833D61E26AE4B00F4AF52 /* SecureVK */ = {
			isa = PBXNativeTarget;
			buildConfigurationList = 35D833E61E26AE4C00F4AF52 /* Build configuration list for PBXNativeTarget "SecureVK" */;
			buildPhases = (
				D5A004AB391902235CD98D08 /* [CP] Check Pods Manifest.lock */,
				35D833D31E26AE4B00F4AF52 /* Sources */,
				35D833D41E26AE4B00F4AF52 /* Frameworks */,
				35D833D51E26AE4B00F4AF52 /* Resources */,
				500E492DEE97EB82A8051945 /* [CP] Embed Pods Frameworks */,
				AE457EE71CC284CB213D032E /* [CP] Copy Pods Resources */,
			);
			buildRules = (
			);
			dependencies = (
			);
			name = SecureVK;
			productName = SecureVK;
			productReference = 35D833D71E26AE4C00F4AF52 /* SecureVK.app */;
			productType = "com.apple.product-type.application";
		};
/* End PBXNativeTarget section */

/* Begin PBXProject section */
		35D833CF1E26AE4B00F4AF52 /* Project object */ = {
			isa = PBXProject;
			attributes = {
				LastSwiftUpdateCheck = 0820;
				LastUpgradeCheck = 0820;
				ORGANIZATIONNAME = Rubikoid;
				TargetAttributes = {
					35D833D61E26AE4B00F4AF52 = {
						CreatedOnToolsVersion = 8.2.1;
						DevelopmentTeam = ZG32BLEH6Y;
						ProvisioningStyle = Automatic;
					};
				};
			};
			buildConfigurationList = 35D833D21E26AE4B00F4AF52 /* Build configuration list for PBXProject "SecureVK" */;
			compatibilityVersion = "Xcode 3.2";
			developmentRegion = English;
			hasScannedForEncodings = 0;
			knownRegions = (
				en,
				Base,
			);
			mainGroup = 35D833CE1E26AE4B00F4AF52;
			productRefGroup = 35D833D81E26AE4C00F4AF52 /* Products */;
			projectDirPath = "";
			projectRoot = "";
			targets = (
				35D833D61E26AE4B00F4AF52 /* SecureVK */,
			);
		};
/* End PBXProject section */

/* Begin PBXResourcesBuildPhase section */
		35D833D51E26AE4B00F4AF52 /* Resources */ = {
			isa = PBXResourcesBuildPhase;
			buildActionMask = 2147483647;
			files = (
				35D833DF1E26AE4C00F4AF52 /* Assets.xcassets in Resources */,
				35D833E21E26AE4C00F4AF52 /* Main.storyboard in Resources */,
			);
			runOnlyForDeploymentPostprocessing = 0;
		};
/* End PBXResourcesBuildPhase section */

/* Begin PBXShellScriptBuildPhase section */
		500E492DEE97EB82A8051945 /* [CP] Embed Pods Frameworks */ = {
			isa = PBXShellScriptBuildPhase;
			buildActionMask = 2147483647;
			files = (
			);
			inputPaths = (
			);
			name = "[CP] Embed Pods Frameworks";
			outputPaths = (
			);
			runOnlyForDeploymentPostprocessing = 0;
			shellPath = /bin/sh;
			shellScript = "\"${SRCROOT}/Pods/Target Support Files/Pods-SecureVK/Pods-SecureVK-frameworks.sh\"\n";
			showEnvVarsInLog = 0;
		};
		AE457EE71CC284CB213D032E /* [CP] Copy Pods Resources */ = {
			isa = PBXShellScriptBuildPhase;
			buildActionMask = 2147483647;
			files = (
			);
			inputPaths = (
			);
			name = "[CP] Copy Pods Resources";
			outputPaths = (
			);
			runOnlyForDeploymentPostprocessing = 0;
			shellPath = /bin/sh;
			shellScript = "\"${SRCROOT}/Pods/Target Support Files/Pods-SecureVK/Pods-SecureVK-resources.sh\"\n";
			showEnvVarsInLog = 0;
		};
		D5A004AB391902235CD98D08 /* [CP] Check Pods Manifest.lock */ = {
			isa = PBXShellScriptBuildPhase;
			buildActionMask = 2147483647;
			files = (
			);
			inputPaths = (
			);
			name = "[CP] Check Pods Manifest.lock";
			outputPaths = (
			);
			runOnlyForDeploymentPostprocessing = 0;
			shellPath = /bin/sh;
			shellScript = "diff \"${PODS_ROOT}/../Podfile.lock\" \"${PODS_ROOT}/Manifest.lock\" > /dev/null\nif [ $? != 0 ] ; then\n    # print error to STDERR\n    echo \"error: The sandbox is not in sync with the Podfile.lock. Run 'pod install' or update your CocoaPods installation.\" >&2\n    exit 1\nfi\n";
			showEnvVarsInLog = 0;
		};
/* End PBXShellScriptBuildPhase section */

/* Begin PBXSourcesBuildPhase section */
		35D833D31E26AE4B00F4AF52 /* Sources */ = {
			isa = PBXSourcesBuildPhase;
			buildActionMask = 2147483647;
			files = (
				35B603B71E26BC88002F8D6E /* Structs.swift in Sources */,
				35B603B81E26BC88002F8D6E /* VK.swift in Sources */,
				35D833DD1E26AE4C00F4AF52 /* ViewController.swift in Sources */,
				35D833DB1E26AE4C00F4AF52 /* AppDelegate.swift in Sources */,
				35B603B51E26BC88002F8D6E /* IMVIewController.swift in Sources */,
				35B603B91E26BC88002F8D6E /* VKSettings.swift in Sources */,
				35B603B61E26BC88002F8D6E /* MessVIewController.swift in Sources */,
				35B603AF1E26BC73002F8D6E /* AppStoradge.swift in Sources */,
			);
			runOnlyForDeploymentPostprocessing = 0;
		};
/* End PBXSourcesBuildPhase section */

/* Begin PBXVariantGroup section */
		35D833E01E26AE4C00F4AF52 /* Main.storyboard */ = {
			isa = PBXVariantGroup;
			children = (
				35D833E11E26AE4C00F4AF52 /* Base */,
			);
			name = Main.storyboard;
			sourceTree = "<group>";
		};
/* End PBXVariantGroup section */

/* Begin XCBuildConfiguration section */
		35D833E41E26AE4C00F4AF52 /* Debug */ = {
			isa = XCBuildConfiguration;
			buildSettings = {
				ALWAYS_SEARCH_USER_PATHS = NO;
				CLANG_ANALYZER_NONNULL = YES;
				CLANG_CXX_LANGUAGE_STANDARD = "gnu++0x";
				CLANG_CXX_LIBRARY = "libc++";
				CLANG_ENABLE_MODULES = YES;
				CLANG_ENABLE_OBJC_ARC = YES;
				CLANG_WARN_BOOL_CONVERSION = YES;
				CLANG_WARN_CONSTANT_CONVERSION = YES;
				CLANG_WARN_DIRECT_OBJC_ISA_USAGE = YES_ERROR;
				CLANG_WARN_DOCUMENTATION_COMMENTS = YES;
				CLANG_WARN_EMPTY_BODY = YES;
				CLANG_WARN_ENUM_CONVERSION = YES;
				CLANG_WARN_INFINITE_RECURSION = YES;
				CLANG_WARN_INT_CONVERSION = YES;
				CLANG_WARN_OBJC_ROOT_CLASS = YES_ERROR;
				CLANG_WARN_SUSPICIOUS_MOVE = YES;
				CLANG_WARN_UNREACHABLE_CODE = YES;
				CLANG_WARN__DUPLICATE_METHOD_MATCH = YES;
				CODE_SIGN_IDENTITY = "-";
				COPY_PHASE_STRIP = NO;
				DEBUG_INFORMATION_FORMAT = dwarf;
				ENABLE_STRICT_OBJC_MSGSEND = YES;
				ENABLE_TESTABILITY = YES;
				GCC_C_LANGUAGE_STANDARD = gnu99;
				GCC_DYNAMIC_NO_PIC = NO;
				GCC_NO_COMMON_BLOCKS = YES;
				GCC_OPTIMIZATION_LEVEL = 0;
				GCC_PREPROCESSOR_DEFINITIONS = (
					"DEBUG=1",
					"$(inherited)",
				);
				GCC_WARN_64_TO_32_BIT_CONVERSION = YES;
				GCC_WARN_ABOUT_RETURN_TYPE = YES_ERROR;
				GCC_WARN_UNDECLARED_SELECTOR = YES;
				GCC_WARN_UNINITIALIZED_AUTOS = YES_AGGRESSIVE;
				GCC_WARN_UNUSED_FUNCTION = YES;
				GCC_WARN_UNUSED_VARIABLE = YES;
				MACOSX_DEPLOYMENT_TARGET = 10.11;
				MTL_ENABLE_DEBUG_INFO = YES;
				ONLY_ACTIVE_ARCH = YES;
				SDKROOT = macosx;
				SWIFT_ACTIVE_COMPILATION_CONDITIONS = DEBUG;
				SWIFT_OPTIMIZATION_LEVEL = "-Onone";
			};
			name = Debug;
		};
		35D833E51E26AE4C00F4AF52 /* Release */ = {
			isa = XCBuildConfiguration;
			buildSettings = {
				ALWAYS_SEARCH_USER_PATHS = NO;
				CLANG_ANALYZER_NONNULL = YES;
				CLANG_CXX_LANGUAGE_STANDARD = "gnu++0x";
				CLANG_CXX_LIBRARY = "libc++";
				CLANG_ENABLE_MODULES = YES;
				CLANG_ENABLE_OBJC_ARC = YES;
				CLANG_WARN_BOOL_CONVERSION = YES;
				CLANG_WARN_CONSTANT_CONVERSION = YES;
				CLANG_WARN_DIRECT_OBJC_ISA_USAGE = YES_ERROR;
				CLANG_WARN_DOCUMENTATION_COMMENTS = YES;
				CLANG_WARN_EMPTY_BODY = YES;
				CLANG_WARN_ENUM_CONVERSION = YES;
				CLANG_WARN_INFINITE_RECURSION = YES;
				CLANG_WARN_INT_CONVERSION = YES;
				CLANG_WARN_OBJC_ROOT_CLASS = YES_ERROR;
				CLANG_WARN_SUSPICIOUS_MOVE = YES;
				CLANG_WARN_UNREACHABLE_CODE = YES;
				CLANG_WARN__DUPLICATE_METHOD_MATCH = YES;
				CODE_SIGN_IDENTITY = "-";
				COPY_PHASE_STRIP = NO;
				DEBUG_INFORMATION_FORMAT = "dwarf-with-dsym";
				ENABLE_NS_ASSERTIONS = NO;
				ENABLE_STRICT_OBJC_MSGSEND = YES;
				GCC_C_LANGUAGE_STANDARD = gnu99;
				GCC_NO_COMMON_BLOCKS = YES;
				GCC_WARN_64_TO_32_BIT_CONVERSION = YES;
				GCC_WARN_ABOUT_RETURN_TYPE = YES_ERROR;
				GCC_WARN_UNDECLARED_SELECTOR = YES;
				GCC_WARN_UNINITIALIZED_AUTOS = YES_AGGRESSIVE;
				GCC_WARN_UNUSED_FUNCTION = YES;
				GCC_WARN_UNUSED_VARIABLE = YES;
				MACOSX_DEPLOYMENT_TARGET = 10.11;
				MTL_ENABLE_DEBUG_INFO = NO;
				SDKROOT = macosx;
				SWIFT_OPTIMIZATION_LEVEL = "-Owholemodule";
			};
			name = Release;
		};
		35D833E71E26AE4C00F4AF52 /* Debug */ = {
			isa = XCBuildConfiguration;
			baseConfigurationReference = 19A4A2498C72B9EEEC44326C /* Pods-SecureVK.debug.xcconfig */;
			buildSettings = {
				ALWAYS_EMBED_SWIFT_STANDARD_LIBRARIES = YES;
				ASSETCATALOG_COMPILER_APPICON_NAME = AppIcon;
				COMBINE_HIDPI_IMAGES = YES;
				DEVELOPMENT_TEAM = ZG32BLEH6Y;
				INFOPLIST_FILE = SecureVK/Info.plist;
				LD_RUNPATH_SEARCH_PATHS = "$(inherited) @executable_path/../Frameworks";
				PRODUCT_BUNDLE_IDENTIFIER = ru.rubikoid.SecureVK;
				PRODUCT_NAME = "$(TARGET_NAME)";
				SWIFT_VERSION = 3.0;
			};
			name = Debug;
		};
		35D833E81E26AE4C00F4AF52 /* Release */ = {
			isa = XCBuildConfiguration;
			baseConfigurationReference = 8117A6C3DCB037E818E1365D /* Pods-SecureVK.release.xcconfig */;
			buildSettings = {
				ALWAYS_EMBED_SWIFT_STANDARD_LIBRARIES = YES;
				ASSETCATALOG_COMPILER_APPICON_NAME = AppIcon;
				COMBINE_HIDPI_IMAGES = YES;
				DEVELOPMENT_TEAM = ZG32BLEH6Y;
				INFOPLIST_FILE = SecureVK/Info.plist;
				LD_RUNPATH_SEARCH_PATHS = "$(inherited) @executable_path/../Frameworks";
				PRODUCT_BUNDLE_IDENTIFIER = ru.rubikoid.SecureVK;
				PRODUCT_NAME = "$(TARGET_NAME)";
				SWIFT_VERSION = 3.0;
			};
			name = Release;
		};
/* End XCBuildConfiguration section */

/* Begin XCConfigurationList section */
		35D833D21E26AE4B00F4AF52 /* Build configuration list for PBXProject "SecureVK" */ = {
			isa = XCConfigurationList;
			buildConfigurations = (
				35D833E41E26AE4C00F4AF52 /* Debug */,
				35D833E51E26AE4C00F4AF52 /* Release */,
			);
			defaultConfigurationIsVisible = 0;
			defaultConfigurationName = Release;
		};
		35D833E61E26AE4C00F4AF52 /* Build configuration list for PBXNativeTarget "SecureVK" */ = {
			isa = XCConfigurationList;
			buildConfigurations = (
				35D833E71E26AE4C00F4AF52 /* Debug */,
				35D833E81E26AE4C00F4AF52 /* Release */,
			);
			defaultConfigurationIsVisible = 0;
			defaultConfigurationName = Release;
		};
/* End XCConfigurationList section */
	};
	rootObject = 35D833CF1E26AE4B00F4AF52 /* Project object */;
}
